
Microsoft Visual Studio Solution File, Format Version 12.00
Project("{FAE04EC0-301F-11D3-BF4B-00C04F79EFBC}") = "generic", "generic\generic.csproj", "{D5AA1548-2F0F-412E-8072-4B18B13BCE4F}"
EndProject
Global
	GlobalSection(SolutionConfigurationPlatforms) = preSolution
		Debug|Any CPU = Debug|Any CPU
		Release|Any CPU = Release|Any CPU
	EndGlobalSection
	GlobalSection(ProjectConfigurationPlatforms) = postSolution
		{D5AA1548-2F0F-412E-8072-4B18B13BCE4F}.Debug|Any CPU.ActiveCfg = Debug|Any CPU
		{D5AA1548-2F0F-412E-8072-4B18B13BCE4F}.Debug|Any CPU.Build.0 = Debug|Any CPU
		{D5AA1548-2F0F-412E-8072-4B18B13BCE4F}.Release|Any CPU.ActiveCfg = Release|Any CPU
		{D5AA1548-2F0F-412E-8072-4B18B13BCE4F}.Release|Any CPU.Build.0 = Release|Any CPU
	EndGlobalSection
EndGlobal
